{
  "version": 1,
  "dependencies": {
    "net9.0-windows7.0": {
      "DalamudPackager": {
        "type": "Direct",
        "requested": "[13.0.0, )",
        "resolved": "13.0.0",
        "contentHash": "Mb3cUDSK/vDPQ8gQIeuCw03EMYrej1B4J44a1AvIJ9C759p9XeqdU9Hg4WgOmlnlPe0G7ILTD32PKSUpkQNa8w=="
      },
      "DotNet.ReproducibleBuilds": {
        "type": "Direct",
        "requested": "[1.2.25, )",
        "resolved": "1.2.25",
        "contentHash": "xCXiw7BCxHJ8pF6wPepRUddlh2dlQlbr81gXA72hdk4FLHkKXas7EH/n+fk5UCA/YfMqG1Z6XaPiUjDbUNBUzg=="
      },
      "Glamourer.Api": {
        "type": "Direct",
        "requested": "[2.6.0, )",
        "resolved": "2.6.0",
        "contentHash": "zysCZgNBRm3k3qvibyw/31MmEckX0Uh0ZsT+Sax3ZHnYIRELr9Qhbz3cjJz7u0RHGIrNJiRpktu/LxgHEqDItw=="
      },
      "Penumbra.Api": {
        "type": "Direct",
        "requested": "[5.10.0, )",
        "resolved": "5.10.0",
        "contentHash": "ZRIIXQCluNlLoI4I4gNYuYXqb7p48OR1P2/LcL27owToR/A/IG0mH8Ks2HguB/Kjq4RpCinaVkyufpGxGspbTA=="
      }
    }
  }
}