{
  "version": 1,
  "dependencies": {
    "net8.0-windows7.0": {
      "DalamudPackager": {
        "type": "Direct",
        "requested": "[11.0.0, )",
        "resolved": "11.0.0",
        "contentHash": "bjT7XUlhIJSmsE/O76b7weUX+evvGQctbQB8aKXt94o+oPWxHpCepxAGMs7Thow3AzCyqWs7cOpp9/2wcgRRQA=="
      },
      "Penumbra.Api": {
        "type": "Direct",
        "requested": "[5.6.0, )",
        "resolved": "5.6.0",
        "contentHash": "zMmkxX1+7COn23aTeq0L+UMA79ocmvQdvj5RgksEfTKrKZLbtaqRPCe6NsChyfGvcj79sgfAW/9hJ+FAzzVcNg=="
      }
    }
  }
}